
Microsoft Visual Studio Solution File, Format Version 12.00
# Visual Studio Version 17
VisualStudioVersion = 17.7.34024.191
MinimumVisualStudioVersion = 10.0.40219.1
Project("{FAE04EC0-301F-11D3-BF4B-00C04F79EFBC}") = "TwentyOne", "TwentyOne\TwentyOne.csproj", "{5A4C6A57-D0F5-4497-AD11-3F8A69BCB474}"
EndProject
Project("{FAE04EC0-301F-11D3-BF4B-00C04F79EFBC}") = "Casino", "Casino\Casino.csproj", "{FEE2EACF-ECF0-4179-85EF-9A8DA509D576}"
EndProject
Global
	GlobalSection(SolutionConfigurationPlatforms) = preSolution
		Debug|Any CPU = Debug|Any CPU
		Release|Any CPU = Release|Any CPU
	EndGlobalSection
	GlobalSection(ProjectConfigurationPlatforms) = postSolution
		{5A4C6A57-D0F5-4497-AD11-3F8A69BCB474}.Debug|Any CPU.ActiveCfg = Debug|Any CPU
		{5A4C6A57-D0F5-4497-AD11-3F8A69BCB474}.Debug|Any CPU.Build.0 = Debug|Any CPU
		{5A4C6A57-D0F5-4497-AD11-3F8A69BCB474}.Release|Any CPU.ActiveCfg = Release|Any CPU
		{5A4C6A57-D0F5-4497-AD11-3F8A69BCB474}.Release|Any CPU.Build.0 = Release|Any CPU
		{FEE2EACF-ECF0-4179-85EF-9A8DA509D576}.Debug|Any CPU.ActiveCfg = Debug|Any CPU
		{FEE2EACF-ECF0-4179-85EF-9A8DA509D576}.Debug|Any CPU.Build.0 = Debug|Any CPU
		{FEE2EACF-ECF0-4179-85EF-9A8DA509D576}.Release|Any CPU.ActiveCfg = Release|Any CPU
		{FEE2EACF-ECF0-4179-85EF-9A8DA509D576}.Release|Any CPU.Build.0 = Release|Any CPU
	EndGlobalSection
	GlobalSection(SolutionProperties) = preSolution
		HideSolutionNode = FALSE
	EndGlobalSection
	GlobalSection(ExtensibilityGlobals) = postSolution
		SolutionGuid = {6A2D6062-94E9-44D3-A86F-BFAFE6A35FDE}
	EndGlobalSection
EndGlobal
